
Microsoft Visual Studio Solution File, Format Version 12.00
# Visual Studio Version 17
VisualStudioVersion = 17.3.32804.467
MinimumVisualStudioVersion = 10.0.40219.1
Project("{FAE04EC0-301F-11D3-BF4B-00C04F79EFBC}") = "ByteBank_ADM", "ByteBank_ADM\ByteBank_ADM.csproj", "{11F60EFC-BFEB-44D5-A517-2715AC85B501}"
EndProject
Global
	GlobalSection(SolutionConfigurationPlatforms) = preSolution
		Debug|Any CPU = Debug|Any CPU
		Release|Any CPU = Release|Any CPU
	EndGlobalSection
	GlobalSection(ProjectConfigurationPlatforms) = postSolution
		{11F60EFC-BFEB-44D5-A517-2715AC85B501}.Debug|Any CPU.ActiveCfg = Debug|Any CPU
		{11F60EFC-BFEB-44D5-A517-2715AC85B501}.Debug|Any CPU.Build.0 = Debug|Any CPU
		{11F60EFC-BFEB-44D5-A517-2715AC85B501}.Release|Any CPU.ActiveCfg = Release|Any CPU
		{11F60EFC-BFEB-44D5-A517-2715AC85B501}.Release|Any CPU.Build.0 = Release|Any CPU
	EndGlobalSection
	GlobalSection(SolutionProperties) = preSolution
		HideSolutionNode = FALSE
	EndGlobalSection
	GlobalSection(ExtensibilityGlobals) = postSolution
		SolutionGuid = {0C899EE6-D51F-4783-A0F1-C9E5D2490880}
	EndGlobalSection
EndGlobal
